
Microsoft Visual Studio Solution File, Format Version 12.00
# Visual Studio Version 17
VisualStudioVersion = 17.4.33122.133
MinimumVisualStudioVersion = 10.0.40219.1
Project("{9A19103F-16F7-4668-BE54-9A1E7A4F7556}") = "BoostBusinessApi", "BoostBusinessApi\BoostBusinessApi.csproj", "{EF7BDEB5-5990-4DE4-812C-80E01FC8A6AF}"
EndProject
Project("{FAE04EC0-301F-11D3-BF4B-00C04F79EFBC}") = "BoostBusinessApiTest", "BoostBusinessApiTest\BoostBusinessApiTest.csproj", "{6907A6B1-606C-4F3D-B79D-37597EBAA4F5}"
EndProject
Global
	GlobalSection(SolutionConfigurationPlatforms) = preSolution
		Debug|Any CPU = Debug|Any CPU
		Release|Any CPU = Release|Any CPU
	EndGlobalSection
	GlobalSection(ProjectConfigurationPlatforms) = postSolution
		{EF7BDEB5-5990-4DE4-812C-80E01FC8A6AF}.Debug|Any CPU.ActiveCfg = Debug|Any CPU
		{EF7BDEB5-5990-4DE4-812C-80E01FC8A6AF}.Debug|Any CPU.Build.0 = Debug|Any CPU
		{EF7BDEB5-5990-4DE4-812C-80E01FC8A6AF}.Release|Any CPU.ActiveCfg = Release|Any CPU
		{EF7BDEB5-5990-4DE4-812C-80E01FC8A6AF}.Release|Any CPU.Build.0 = Release|Any CPU
		{6907A6B1-606C-4F3D-B79D-37597EBAA4F5}.Debug|Any CPU.ActiveCfg = Debug|Any CPU
		{6907A6B1-606C-4F3D-B79D-37597EBAA4F5}.Debug|Any CPU.Build.0 = Debug|Any CPU
		{6907A6B1-606C-4F3D-B79D-37597EBAA4F5}.Release|Any CPU.ActiveCfg = Release|Any CPU
		{6907A6B1-606C-4F3D-B79D-37597EBAA4F5}.Release|Any CPU.Build.0 = Release|Any CPU
	EndGlobalSection
	GlobalSection(SolutionProperties) = preSolution
		HideSolutionNode = FALSE
	EndGlobalSection
	GlobalSection(ExtensibilityGlobals) = postSolution
		SolutionGuid = {688532DA-F73C-4409-8E7F-5F5A53F91596}
	EndGlobalSection
EndGlobal
